
Microsoft Visual Studio Solution File, Format Version 12.00
# Visual Studio Version 16
VisualStudioVersion = 16.0.29123.88
MinimumVisualStudioVersion = 10.0.40219.1
Project("{9A19103F-16F7-4668-BE54-9A1E7A4F7556}") = "Sales.Domain", "Sales.Domain\Sales.Domain.csproj", "{81D5A122-2DD6-4662-8DD1-732DA108F05F}"
EndProject
Project("{9A19103F-16F7-4668-BE54-9A1E7A4F7556}") = "Sales.API", "Sales.API\Sales.API.csproj", "{2577AEE5-2D1C-436F-8B81-688A8C645CC1}"
EndProject
Project("{FAE04EC0-301F-11D3-BF4B-00C04F79EFBC}") = "Sales.Infrastructure", "Sales.Infrastructure\Sales.Infrastructure.csproj", "{5B0F3254-0FBC-424E-8F98-AD9C116CD037}"
EndProject
Global
	GlobalSection(SolutionConfigurationPlatforms) = preSolution
		Debug|Any CPU = Debug|Any CPU
		Release|Any CPU = Release|Any CPU
	EndGlobalSection
	GlobalSection(ProjectConfigurationPlatforms) = postSolution
		{81D5A122-2DD6-4662-8DD1-732DA108F05F}.Debug|Any CPU.ActiveCfg = Debug|Any CPU
		{81D5A122-2DD6-4662-8DD1-732DA108F05F}.Debug|Any CPU.Build.0 = Debug|Any CPU
		{81D5A122-2DD6-4662-8DD1-732DA108F05F}.Release|Any CPU.ActiveCfg = Release|Any CPU
		{81D5A122-2DD6-4662-8DD1-732DA108F05F}.Release|Any CPU.Build.0 = Release|Any CPU
		{2577AEE5-2D1C-436F-8B81-688A8C645CC1}.Debug|Any CPU.ActiveCfg = Debug|Any CPU
		{2577AEE5-2D1C-436F-8B81-688A8C645CC1}.Debug|Any CPU.Build.0 = Debug|Any CPU
		{2577AEE5-2D1C-436F-8B81-688A8C645CC1}.Release|Any CPU.ActiveCfg = Release|Any CPU
		{2577AEE5-2D1C-436F-8B81-688A8C645CC1}.Release|Any CPU.Build.0 = Release|Any CPU
		{5B0F3254-0FBC-424E-8F98-AD9C116CD037}.Debug|Any CPU.ActiveCfg = Debug|Any CPU
		{5B0F3254-0FBC-424E-8F98-AD9C116CD037}.Debug|Any CPU.Build.0 = Debug|Any CPU
		{5B0F3254-0FBC-424E-8F98-AD9C116CD037}.Release|Any CPU.ActiveCfg = Release|Any CPU
		{5B0F3254-0FBC-424E-8F98-AD9C116CD037}.Release|Any CPU.Build.0 = Release|Any CPU
	EndGlobalSection
	GlobalSection(SolutionProperties) = preSolution
		HideSolutionNode = FALSE
	EndGlobalSection
	GlobalSection(ExtensibilityGlobals) = postSolution
		SolutionGuid = {1F0EE7CC-D4D4-47A1-9ACE-C63B8BE1EFD4}
	EndGlobalSection
EndGlobal
